// !$*UTF8*$!
{
	archiveVersion = 1;
	classes = {
	};
	objectVersion = 56;
	objects = {

/* Begin PBXBuildFile section */
		F837A9022BADB141003C3D22 /* BlogView.swift in Sources */ = {isa = PBXBuildFile; fileRef = F837A9012BADB141003C3D22 /* BlogView.swift */; };
		F850E41A2BFFDFF6008B3588 /* SignUpViewModel.swift in Sources */ = {isa = PBXBuildFile; fileRef = F850E4192BFFDFF5008B3588 /* SignUpViewModel.swift */; };
		F850E41C2BFFE3BF008B3588 /* SignUpModel.swift in Sources */ = {isa = PBXBuildFile; fileRef = F850E41B2BFFE3BF008B3588 /* SignUpModel.swift */; };
		F852B1762BF7EE6F00A31D33 /* EduVideoView.swift in Sources */ = {isa = PBXBuildFile; fileRef = F852B1752BF7EE6F00A31D33 /* EduVideoView.swift */; };
		F852B1782BF8C04B00A31D33 /* StarView.swift in Sources */ = {isa = PBXBuildFile; fileRef = F852B1772BF8C04B00A31D33 /* StarView.swift */; };
		F852B17A2BF8D59500A31D33 /* StatusListCellView.swift in Sources */ = {isa = PBXBuildFile; fileRef = F852B1792BF8D59500A31D33 /* StatusListCellView.swift */; };
		F852B17C2BF8DB1400A31D33 /* PersonModel.swift in Sources */ = {isa = PBXBuildFile; fileRef = F852B17B2BF8DB1400A31D33 /* PersonModel.swift */; };
		F852B17E2BF8DB4600A31D33 /* PersonViewModel.swift in Sources */ = {isa = PBXBuildFile; fileRef = F852B17D2BF8DB4600A31D33 /* PersonViewModel.swift */; };
		F852B1842BFA7AA300A31D33 /* KeychainSwift in Frameworks */ = {isa = PBXBuildFile; productRef = F852B1832BFA7AA300A31D33 /* KeychainSwift */; };
		F861E7722B9497F700E804DA /* Text.swift in Sources */ = {isa = PBXBuildFile; fileRef = F861E7712B9497F700E804DA /* Text.swift */; };
		F86BFB372BE8F9B800C754C2 /* SignUpView.swift in Sources */ = {isa = PBXBuildFile; fileRef = F86BFB362BE8F9B800C754C2 /* SignUpView.swift */; };
		F86BFB392BF0D4ED00C754C2 /* QRView.swift in Sources */ = {isa = PBXBuildFile; fileRef = F86BFB382BF0D4ED00C754C2 /* QRView.swift */; };
		F86BFB3B2BF0D66100C754C2 /* StatusView.swift in Sources */ = {isa = PBXBuildFile; fileRef = F86BFB3A2BF0D66100C754C2 /* StatusView.swift */; };
		F878351E2BA827D7006CD5A2 /* PasswordResetView.swift in Sources */ = {isa = PBXBuildFile; fileRef = F878351D2BA827D7006CD5A2 /* PasswordResetView.swift */; };
		F87835202BA8B4FE006CD5A2 /* RestaurantViewModel.swift in Sources */ = {isa = PBXBuildFile; fileRef = F878351F2BA8B4FE006CD5A2 /* RestaurantViewModel.swift */; };
		F87835242BA8B6F5006CD5A2 /* SearchBarView.swift in Sources */ = {isa = PBXBuildFile; fileRef = F87835232BA8B6F5006CD5A2 /* SearchBarView.swift */; };
		F87835262BA8B7A6006CD5A2 /* RestaurantView.swift in Sources */ = {isa = PBXBuildFile; fileRef = F87835252BA8B7A6006CD5A2 /* RestaurantView.swift */; };
		F87835282BA8CDAE006CD5A2 /* myButton.swift in Sources */ = {isa = PBXBuildFile; fileRef = F87835272BA8CDAE006CD5A2 /* myButton.swift */; };
		F878352A2BA8D42D006CD5A2 /* RestaurantBox.swift in Sources */ = {isa = PBXBuildFile; fileRef = F87835292BA8D42D006CD5A2 /* RestaurantBox.swift */; };
		F87C9E652BF7A6F000C55372 /* MapButton.swift in Sources */ = {isa = PBXBuildFile; fileRef = F87C9E642BF7A6F000C55372 /* MapButton.swift */; };
		F87C9E672BF7AE9200C55372 /* AdvertModel.swift in Sources */ = {isa = PBXBuildFile; fileRef = F87C9E662BF7AE9200C55372 /* AdvertModel.swift */; };
		F87C9E6A2BF7CCE500C55372 /* Launch Screen.storyboard in Resources */ = {isa = PBXBuildFile; fileRef = F87C9E692BF7CCE500C55372 /* Launch Screen.storyboard */; };
		F87FE0D82BFD15640003D704 /* LoginViewModel.swift in Sources */ = {isa = PBXBuildFile; fileRef = F87FE0D72BFD15640003D704 /* LoginViewModel.swift */; };
		F87FE0DA2BFD2F250003D704 /* LoginModel.swift in Sources */ = {isa = PBXBuildFile; fileRef = F87FE0D92BFD2F250003D704 /* LoginModel.swift */; };
		F88216E72B6FC38B0086EDC9 /* GidaIyilikHareketiApp.swift in Sources */ = {isa = PBXBuildFile; fileRef = F88216E62B6FC38B0086EDC9 /* GidaIyilikHareketiApp.swift */; };
		F88216EB2B6FC38E0086EDC9 /* Assets.xcassets in Resources */ = {isa = PBXBuildFile; fileRef = F88216EA2B6FC38E0086EDC9 /* Assets.xcassets */; };
		F88216EE2B6FC38E0086EDC9 /* Preview Assets.xcassets in Resources */ = {isa = PBXBuildFile; fileRef = F88216ED2B6FC38E0086EDC9 /* Preview Assets.xcassets */; };
		F88216F82B6FC38F0086EDC9 /* GidaIyilikHareketiTests.swift in Sources */ = {isa = PBXBuildFile; fileRef = F88216F72B6FC38F0086EDC9 /* GidaIyilikHareketiTests.swift */; };
		F88217022B6FC38F0086EDC9 /* GidaIyilikHareketiUITests.swift in Sources */ = {isa = PBXBuildFile; fileRef = F88217012B6FC38F0086EDC9 /* GidaIyilikHareketiUITests.swift */; };
		F88217042B6FC38F0086EDC9 /* GidaIyilikHareketiUITestsLaunchTests.swift in Sources */ = {isa = PBXBuildFile; fileRef = F88217032B6FC38F0086EDC9 /* GidaIyilikHareketiUITestsLaunchTests.swift */; };
		F887122E2BB759D8002173C6 /* NavBarView.swift in Sources */ = {isa = PBXBuildFile; fileRef = F887122D2BB759D8002173C6 /* NavBarView.swift */; };
		F88F88D42B8FC68400D3A8AD /* Color.swift in Sources */ = {isa = PBXBuildFile; fileRef = F88F88D32B8FC68400D3A8AD /* Color.swift */; };
		F8B80D7D2BA4B65800DF7DAD /* Webservices.swift in Sources */ = {isa = PBXBuildFile; fileRef = F8B80D7C2BA4B65800DF7DAD /* Webservices.swift */; };
		F8B80D812BA4BB3B00DF7DAD /* LoginView.swift in Sources */ = {isa = PBXBuildFile; fileRef = F8B80D802BA4BB3B00DF7DAD /* LoginView.swift */; };
		F8B80D832BA4C60000DF7DAD /* InputFieldView.swift in Sources */ = {isa = PBXBuildFile; fileRef = F8B80D822BA4C60000DF7DAD /* InputFieldView.swift */; };
		F8C36A882BA9EAEE00DC8733 /* ProfileView.swift in Sources */ = {isa = PBXBuildFile; fileRef = F8C36A872BA9EAEE00DC8733 /* ProfileView.swift */; };
		F8FB8F5F2BA1DB14007227BE /* FirstView.swift in Sources */ = {isa = PBXBuildFile; fileRef = F8FB8F5E2BA1DB14007227BE /* FirstView.swift */; };
/* End PBXBuildFile section */

/* Begin PBXContainerItemProxy section */
		F88216F42B6FC38F0086EDC9 /* PBXContainerItemProxy */ = {
			isa = PBXContainerItemProxy;
			containerPortal = F88216DB2B6FC38B0086EDC9 /* Project object */;
			proxyType = 1;
			remoteGlobalIDString = F88216E22B6FC38B0086EDC9;
			remoteInfo = GidaIyilikHareketi;
		};
		F88216FE2B6FC38F0086EDC9 /* PBXContainerItemProxy */ = {
			isa = PBXContainerItemProxy;
			containerPortal = F88216DB2B6FC38B0086EDC9 /* Project object */;
			proxyType = 1;
			remoteGlobalIDString = F88216E22B6FC38B0086EDC9;
			remoteInfo = GidaIyilikHareketi;
		};
/* End PBXContainerItemProxy section */

/* Begin PBXFileReference section */
		F837A9012BADB141003C3D22 /* BlogView.swift */ = {isa = PBXFileReference; lastKnownFileType = sourcecode.swift; path = BlogView.swift; sourceTree = "<group>"; };
		F850E4192BFFDFF5008B3588 /* SignUpViewModel.swift */ = {isa = PBXFileReference; lastKnownFileType = sourcecode.swift; path = SignUpViewModel.swift; sourceTree = "<group>"; };
		F850E41B2BFFE3BF008B3588 /* SignUpModel.swift */ = {isa = PBXFileReference; lastKnownFileType = sourcecode.swift; path = SignUpModel.swift; sourceTree = "<group>"; };
		F852B1752BF7EE6F00A31D33 /* EduVideoView.swift */ = {isa = PBXFileReference; lastKnownFileType = sourcecode.swift; path = EduVideoView.swift; sourceTree = "<group>"; };
		F852B1772BF8C04B00A31D33 /* StarView.swift */ = {isa = PBXFileReference; lastKnownFileType = sourcecode.swift; path = StarView.swift; sourceTree = "<group>"; };
		F852B1792BF8D59500A31D33 /* StatusListCellView.swift */ = {isa = PBXFileReference; lastKnownFileType = sourcecode.swift; path = StatusListCellView.swift; sourceTree = "<group>"; };
		F852B17B2BF8DB1400A31D33 /* PersonModel.swift */ = {isa = PBXFileReference; lastKnownFileType = sourcecode.swift; path = PersonModel.swift; sourceTree = "<group>"; };
		F852B17D2BF8DB4600A31D33 /* PersonViewModel.swift */ = {isa = PBXFileReference; lastKnownFileType = sourcecode.swift; path = PersonViewModel.swift; sourceTree = "<group>"; };
		F852B1802BFA77D700A31D33 /* Security.framework */ = {isa = PBXFileReference; lastKnownFileType = wrapper.framework; name = Security.framework; path = System/Library/Frameworks/Security.framework; sourceTree = SDKROOT; };
		F861E7712B9497F700E804DA /* Text.swift */ = {isa = PBXFileReference; lastKnownFileType = sourcecode.swift; path = Text.swift; sourceTree = "<group>"; };
		F86BFB362BE8F9B800C754C2 /* SignUpView.swift */ = {isa = PBXFileReference; lastKnownFileType = sourcecode.swift; path = SignUpView.swift; sourceTree = "<group>"; };
		F86BFB382BF0D4ED00C754C2 /* QRView.swift */ = {isa = PBXFileReference; lastKnownFileType = sourcecode.swift; path = QRView.swift; sourceTree = "<group>"; };
		F86BFB3A2BF0D66100C754C2 /* StatusView.swift */ = {isa = PBXFileReference; lastKnownFileType = sourcecode.swift; path = StatusView.swift; sourceTree = "<group>"; };
		F878351D2BA827D7006CD5A2 /* PasswordResetView.swift */ = {isa = PBXFileReference; lastKnownFileType = sourcecode.swift; path = PasswordResetView.swift; sourceTree = "<group>"; };
		F878351F2BA8B4FE006CD5A2 /* RestaurantViewModel.swift */ = {isa = PBXFileReference; lastKnownFileType = sourcecode.swift; path = RestaurantViewModel.swift; sourceTree = "<group>"; };
		F87835232BA8B6F5006CD5A2 /* SearchBarView.swift */ = {isa = PBXFileReference; lastKnownFileType = sourcecode.swift; path = SearchBarView.swift; sourceTree = "<group>"; };
		F87835252BA8B7A6006CD5A2 /* RestaurantView.swift */ = {isa = PBXFileReference; lastKnownFileType = sourcecode.swift; path = RestaurantView.swift; sourceTree = "<group>"; };
		F87835272BA8CDAE006CD5A2 /* myButton.swift */ = {isa = PBXFileReference; lastKnownFileType = sourcecode.swift; path = myButton.swift; sourceTree = "<group>"; };
		F87835292BA8D42D006CD5A2 /* RestaurantBox.swift */ = {isa = PBXFileReference; lastKnownFileType = sourcecode.swift; path = RestaurantBox.swift; sourceTree = "<group>"; };
		F87C9E642BF7A6F000C55372 /* MapButton.swift */ = {isa = PBXFileReference; lastKnownFileType = sourcecode.swift; path = MapButton.swift; sourceTree = "<group>"; };
		F87C9E662BF7AE9200C55372 /* AdvertModel.swift */ = {isa = PBXFileReference; lastKnownFileType = sourcecode.swift; path = AdvertModel.swift; sourceTree = "<group>"; };
		F87C9E682BF7B53F00C55372 /* Info.plist */ = {isa = PBXFileReference; lastKnownFileType = text.plist; path = Info.plist; sourceTree = "<group>"; };
		F87C9E692BF7CCE500C55372 /* Launch Screen.storyboard */ = {isa = PBXFileReference; lastKnownFileType = file.storyboard; path = "Launch Screen.storyboard"; sourceTree = "<group>"; };
		F87FE0D72BFD15640003D704 /* LoginViewModel.swift */ = {isa = PBXFileReference; lastKnownFileType = sourcecode.swift; path = LoginViewModel.swift; sourceTree = "<group>"; };
		F87FE0D92BFD2F250003D704 /* LoginModel.swift */ = {isa = PBXFileReference; lastKnownFileType = sourcecode.swift; path = LoginModel.swift; sourceTree = "<group>"; };
		F88216E32B6FC38B0086EDC9 /* GidaIyilikHareketi.app */ = {isa = PBXFileReference; explicitFileType = wrapper.application; includeInIndex = 0; path = GidaIyilikHareketi.app; sourceTree = BUILT_PRODUCTS_DIR; };
		F88216E62B6FC38B0086EDC9 /* GidaIyilikHareketiApp.swift */ = {isa = PBXFileReference; lastKnownFileType = sourcecode.swift; path = GidaIyilikHareketiApp.swift; sourceTree = "<group>"; };
		F88216EA2B6FC38E0086EDC9 /* Assets.xcassets */ = {isa = PBXFileReference; lastKnownFileType = folder.assetcatalog; path = Assets.xcassets; sourceTree = "<group>"; };
		F88216ED2B6FC38E0086EDC9 /* Preview Assets.xcassets */ = {isa = PBXFileReference; lastKnownFileType = folder.assetcatalog; path = "Preview Assets.xcassets"; sourceTree = "<group>"; };
		F88216F32B6FC38F0086EDC9 /* GidaIyilikHareketiTests.xctest */ = {isa = PBXFileReference; explicitFileType = wrapper.cfbundle; includeInIndex = 0; path = GidaIyilikHareketiTests.xctest; sourceTree = BUILT_PRODUCTS_DIR; };
		F88216F72B6FC38F0086EDC9 /* GidaIyilikHareketiTests.swift */ = {isa = PBXFileReference; lastKnownFileType = sourcecode.swift; path = GidaIyilikHareketiTests.swift; sourceTree = "<group>"; };
		F88216FD2B6FC38F0086EDC9 /* GidaIyilikHareketiUITests.xctest */ = {isa = PBXFileReference; explicitFileType = wrapper.cfbundle; includeInIndex = 0; path = GidaIyilikHareketiUITests.xctest; sourceTree = BUILT_PRODUCTS_DIR; };
		F88217012B6FC38F0086EDC9 /* GidaIyilikHareketiUITests.swift */ = {isa = PBXFileReference; lastKnownFileType = sourcecode.swift; path = GidaIyilikHareketiUITests.swift; sourceTree = "<group>"; };
		F88217032B6FC38F0086EDC9 /* GidaIyilikHareketiUITestsLaunchTests.swift */ = {isa = PBXFileReference; lastKnownFileType = sourcecode.swift; path = GidaIyilikHareketiUITestsLaunchTests.swift; sourceTree = "<group>"; };
		F887122D2BB759D8002173C6 /* NavBarView.swift */ = {isa = PBXFileReference; lastKnownFileType = sourcecode.swift; path = NavBarView.swift; sourceTree = "<group>"; };
		F88F88D32B8FC68400D3A8AD /* Color.swift */ = {isa = PBXFileReference; lastKnownFileType = sourcecode.swift; path = Color.swift; sourceTree = "<group>"; };
		F8B80D7C2BA4B65800DF7DAD /* Webservices.swift */ = {isa = PBXFileReference; lastKnownFileType = sourcecode.swift; path = Webservices.swift; sourceTree = "<group>"; };
		F8B80D802BA4BB3B00DF7DAD /* LoginView.swift */ = {isa = PBXFileReference; lastKnownFileType = sourcecode.swift; path = LoginView.swift; sourceTree = "<group>"; };
		F8B80D822BA4C60000DF7DAD /* InputFieldView.swift */ = {isa = PBXFileReference; lastKnownFileType = sourcecode.swift; path = InputFieldView.swift; sourceTree = "<group>"; };
		F8C36A872BA9EAEE00DC8733 /* ProfileView.swift */ = {isa = PBXFileReference; lastKnownFileType = sourcecode.swift; path = ProfileView.swift; sourceTree = "<group>"; };
		F8FB8F5E2BA1DB14007227BE /* FirstView.swift */ = {isa = PBXFileReference; lastKnownFileType = sourcecode.swift; path = FirstView.swift; sourceTree = "<group>"; };
/* End PBXFileReference section */

/* Begin PBXFrameworksBuildPhase section */
		F88216E02B6FC38B0086EDC9 /* Frameworks */ = {
			isa = PBXFrameworksBuildPhase;
			buildActionMask = 2147483647;
			files = (
				F852B1842BFA7AA300A31D33 /* KeychainSwift in Frameworks */,
			);
			runOnlyForDeploymentPostprocessing = 0;
		};
		F88216F02B6FC38F0086EDC9 /* Frameworks */ = {
			isa = PBXFrameworksBuildPhase;
			buildActionMask = 2147483647;
			files = (
			);
			runOnlyForDeploymentPostprocessing = 0;
		};
		F88216FA2B6FC38F0086EDC9 /* Frameworks */ = {
			isa = PBXFrameworksBuildPhase;
			buildActionMask = 2147483647;
			files = (
			);
			runOnlyForDeploymentPostprocessing = 0;
		};
/* End PBXFrameworksBuildPhase section */

/* Begin PBXGroup section */
		F80BCDDA2B8F61E1003B62E0 /* Model */ = {
			isa = PBXGroup;
			children = (
				F87C9E662BF7AE9200C55372 /* AdvertModel.swift */,
				F852B17B2BF8DB1400A31D33 /* PersonModel.swift */,
				F87FE0D92BFD2F250003D704 /* LoginModel.swift */,
				F850E41B2BFFE3BF008B3588 /* SignUpModel.swift */,
			);
			path = Model;
			sourceTree = "<group>";
		};
		F80BCDDB2B8F61EE003B62E0 /* ViewModel */ = {
			isa = PBXGroup;
			children = (
				F878351F2BA8B4FE006CD5A2 /* RestaurantViewModel.swift */,
				F852B17D2BF8DB4600A31D33 /* PersonViewModel.swift */,
				F87FE0D72BFD15640003D704 /* LoginViewModel.swift */,
				F850E4192BFFDFF5008B3588 /* SignUpViewModel.swift */,
			);
			path = ViewModel;
			sourceTree = "<group>";
		};
		F80BCDDC2B8F61F9003B62E0 /* View */ = {
			isa = PBXGroup;
			children = (
				F88216E62B6FC38B0086EDC9 /* GidaIyilikHareketiApp.swift */,
				F8FB8F5E2BA1DB14007227BE /* FirstView.swift */,
				F8B80D802BA4BB3B00DF7DAD /* LoginView.swift */,
				F86BFB362BE8F9B800C754C2 /* SignUpView.swift */,
				F878351D2BA827D7006CD5A2 /* PasswordResetView.swift */,
				F87835252BA8B7A6006CD5A2 /* RestaurantView.swift */,
				F8C36A872BA9EAEE00DC8733 /* ProfileView.swift */,
				F837A9012BADB141003C3D22 /* BlogView.swift */,
				F86BFB382BF0D4ED00C754C2 /* QRView.swift */,
				F86BFB3A2BF0D66100C754C2 /* StatusView.swift */,
			);
			path = View;
			sourceTree = "<group>";
		};
		F80BCDDD2B8F6215003B62E0 /* Helpers */ = {
			isa = PBXGroup;
			children = (
				F88216EA2B6FC38E0086EDC9 /* Assets.xcassets */,
				F87C9E692BF7CCE500C55372 /* Launch Screen.storyboard */,
			);
			path = Helpers;
			sourceTree = "<group>";
		};
		F852B17F2BFA77D700A31D33 /* Frameworks */ = {
			isa = PBXGroup;
			children = (
				F852B1802BFA77D700A31D33 /* Security.framework */,
			);
			name = Frameworks;
			sourceTree = "<group>";
		};
		F87835222BA8B6DE006CD5A2 /* Components */ = {
			isa = PBXGroup;
			children = (
				F87835232BA8B6F5006CD5A2 /* SearchBarView.swift */,
				F887122D2BB759D8002173C6 /* NavBarView.swift */,
			);
			path = Components;
			sourceTree = "<group>";
		};
		F88216DA2B6FC38B0086EDC9 = {
			isa = PBXGroup;
			children = (
				F88216E52B6FC38B0086EDC9 /* GidaIyilikHareketi */,
				F88216F62B6FC38F0086EDC9 /* GidaIyilikHareketiTests */,
				F88217002B6FC38F0086EDC9 /* GidaIyilikHareketiUITests */,
				F88216E42B6FC38B0086EDC9 /* Products */,
				F852B17F2BFA77D700A31D33 /* Frameworks */,
			);
			sourceTree = "<group>";
		};
		F88216E42B6FC38B0086EDC9 /* Products */ = {
			isa = PBXGroup;
			children = (
				F88216E32B6FC38B0086EDC9 /* GidaIyilikHareketi.app */,
				F88216F32B6FC38F0086EDC9 /* GidaIyilikHareketiTests.xctest */,
				F88216FD2B6FC38F0086EDC9 /* GidaIyilikHareketiUITests.xctest */,
			);
			name = Products;
			sourceTree = "<group>";
		};
		F88216E52B6FC38B0086EDC9 /* GidaIyilikHareketi */ = {
			isa = PBXGroup;
			children = (
				F87C9E682BF7B53F00C55372 /* Info.plist */,
				F87835222BA8B6DE006CD5A2 /* Components */,
				F8B80D7B2BA4B63B00DF7DAD /* Services */,
				F88F88D02B8FC5BF00D3A8AD /* Extensions */,
				F80BCDDD2B8F6215003B62E0 /* Helpers */,
				F80BCDDC2B8F61F9003B62E0 /* View */,
				F80BCDDB2B8F61EE003B62E0 /* ViewModel */,
				F80BCDDA2B8F61E1003B62E0 /* Model */,
				F88216EC2B6FC38E0086EDC9 /* Preview Content */,
			);
			path = GidaIyilikHareketi;
			sourceTree = "<group>";
		};
		F88216EC2B6FC38E0086EDC9 /* Preview Content */ = {
			isa = PBXGroup;
			children = (
				F88216ED2B6FC38E0086EDC9 /* Preview Assets.xcassets */,
			);
			path = "Preview Content";
			sourceTree = "<group>";
		};
		F88216F62B6FC38F0086EDC9 /* GidaIyilikHareketiTests */ = {
			isa = PBXGroup;
			children = (
				F88216F72B6FC38F0086EDC9 /* GidaIyilikHareketiTests.swift */,
			);
			path = GidaIyilikHareketiTests;
			sourceTree = "<group>";
		};
		F88217002B6FC38F0086EDC9 /* GidaIyilikHareketiUITests */ = {
			isa = PBXGroup;
			children = (
				F88217012B6FC38F0086EDC9 /* GidaIyilikHareketiUITests.swift */,
				F88217032B6FC38F0086EDC9 /* GidaIyilikHareketiUITestsLaunchTests.swift */,
			);
			path = GidaIyilikHareketiUITests;
			sourceTree = "<group>";
		};
		F88F88D02B8FC5BF00D3A8AD /* Extensions */ = {
			isa = PBXGroup;
			children = (
				F8B80D822BA4C60000DF7DAD /* InputFieldView.swift */,
				F88F88D32B8FC68400D3A8AD /* Color.swift */,
				F861E7712B9497F700E804DA /* Text.swift */,
				F87835272BA8CDAE006CD5A2 /* myButton.swift */,
				F87835292BA8D42D006CD5A2 /* RestaurantBox.swift */,
				F87C9E642BF7A6F000C55372 /* MapButton.swift */,
				F852B1752BF7EE6F00A31D33 /* EduVideoView.swift */,
				F852B1772BF8C04B00A31D33 /* StarView.swift */,
				F852B1792BF8D59500A31D33 /* StatusListCellView.swift */,
			);
			path = Extensions;
			sourceTree = "<group>";
		};
		F8B80D7B2BA4B63B00DF7DAD /* Services */ = {
			isa = PBXGroup;
			children = (
				F8B80D7C2BA4B65800DF7DAD /* Webservices.swift */,
			);
			path = Services;
			sourceTree = "<group>";
		};
/* End PBXGroup section */

/* Begin PBXNativeTarget section */
		F88216E22B6FC38B0086EDC9 /* GidaIyilikHareketi */ = {
			isa = PBXNativeTarget;
			buildConfigurationList = F88217072B6FC38F0086EDC9 /* Build configuration list for PBXNativeTarget "GidaIyilikHareketi" */;
			buildPhases = (
				F88216DF2B6FC38B0086EDC9 /* Sources */,
				F88216E02B6FC38B0086EDC9 /* Frameworks */,
				F88216E12B6FC38B0086EDC9 /* Resources */,
			);
			buildRules = (
			);
			dependencies = (
			);
			name = GidaIyilikHareketi;
			packageProductDependencies = (
				F852B1832BFA7AA300A31D33 /* KeychainSwift */,
			);
			productName = GidaIyilikHareketi;
			productReference = F88216E32B6FC38B0086EDC9 /* GidaIyilikHareketi.app */;
			productType = "com.apple.product-type.application";
		};
		F88216F22B6FC38F0086EDC9 /* GidaIyilikHareketiTests */ = {
			isa = PBXNativeTarget;
			buildConfigurationList = F882170A2B6FC38F0086EDC9 /* Build configuration list for PBXNativeTarget "GidaIyilikHareketiTests" */;
			buildPhases = (
				F88216EF2B6FC38F0086EDC9 /* Sources */,
				F88216F02B6FC38F0086EDC9 /* Frameworks */,
				F88216F12B6FC38F0086EDC9 /* Resources */,
			);
			buildRules = (
			);
			dependencies = (
				F88216F52B6FC38F0086EDC9 /* PBXTargetDependency */,
			);
			name = GidaIyilikHareketiTests;
			productName = GidaIyilikHareketiTests;
			productReference = F88216F32B6FC38F0086EDC9 /* GidaIyilikHareketiTests.xctest */;
			productType = "com.apple.product-type.bundle.unit-test";
		};
		F88216FC2B6FC38F0086EDC9 /* GidaIyilikHareketiUITests */ = {
			isa = PBXNativeTarget;
			buildConfigurationList = F882170D2B6FC38F0086EDC9 /* Build configuration list for PBXNativeTarget "GidaIyilikHareketiUITests" */;
			buildPhases = (
				F88216F92B6FC38F0086EDC9 /* Sources */,
				F88216FA2B6FC38F0086EDC9 /* Frameworks */,
				F88216FB2B6FC38F0086EDC9 /* Resources */,
			);
			buildRules = (
			);
			dependencies = (
				F88216FF2B6FC38F0086EDC9 /* PBXTargetDependency */,
			);
			name = GidaIyilikHareketiUITests;
			productName = GidaIyilikHareketiUITests;
			productReference = F88216FD2B6FC38F0086EDC9 /* GidaIyilikHareketiUITests.xctest */;
			productType = "com.apple.product-type.bundle.ui-testing";
		};
/* End PBXNativeTarget section */

/* Begin PBXProject section */
		F88216DB2B6FC38B0086EDC9 /* Project object */ = {
			isa = PBXProject;
			attributes = {
				BuildIndependentTargetsInParallel = 1;
				LastSwiftUpdateCheck = 1500;
				LastUpgradeCheck = 1500;
				TargetAttributes = {
					F88216E22B6FC38B0086EDC9 = {
						CreatedOnToolsVersion = 15.0;
					};
					F88216F22B6FC38F0086EDC9 = {
						CreatedOnToolsVersion = 15.0;
						TestTargetID = F88216E22B6FC38B0086EDC9;
					};
					F88216FC2B6FC38F0086EDC9 = {
						CreatedOnToolsVersion = 15.0;
						TestTargetID = F88216E22B6FC38B0086EDC9;
					};
				};
			};
			buildConfigurationList = F88216DE2B6FC38B0086EDC9 /* Build configuration list for PBXProject "GidaIyilikHareketi" */;
			compatibilityVersion = "Xcode 14.0";
			developmentRegion = en;
			hasScannedForEncodings = 0;
			knownRegions = (
				en,
				Base,
			);
			mainGroup = F88216DA2B6FC38B0086EDC9;
			packageReferences = (
				F852B1822BFA7AA300A31D33 /* XCRemoteSwiftPackageReference "keychain-swift" */,
			);
			productRefGroup = F88216E42B6FC38B0086EDC9 /* Products */;
			projectDirPath = "";
			projectRoot = "";
			targets = (
				F88216E22B6FC38B0086EDC9 /* GidaIyilikHareketi */,
				F88216F22B6FC38F0086EDC9 /* GidaIyilikHareketiTests */,
				F88216FC2B6FC38F0086EDC9 /* GidaIyilikHareketiUITests */,
			);
		};
/* End PBXProject section */

/* Begin PBXResourcesBuildPhase section */
		F88216E12B6FC38B0086EDC9 /* Resources */ = {
			isa = PBXResourcesBuildPhase;
			buildActionMask = 2147483647;
			files = (
				F87C9E6A2BF7CCE500C55372 /* Launch Screen.storyboard in Resources */,
				F88216EE2B6FC38E0086EDC9 /* Preview Assets.xcassets in Resources */,
				F88216EB2B6FC38E0086EDC9 /* Assets.xcassets in Resources */,
			);
			runOnlyForDeploymentPostprocessing = 0;
		};
		F88216F12B6FC38F0086EDC9 /* Resources */ = {
			isa = PBXResourcesBuildPhase;
			buildActionMask = 2147483647;
			files = (
			);
			runOnlyForDeploymentPostprocessing = 0;
		};
		F88216FB2B6FC38F0086EDC9 /* Resources */ = {
			isa = PBXResourcesBuildPhase;
			buildActionMask = 2147483647;
			files = (
			);
			runOnlyForDeploymentPostprocessing = 0;
		};
/* End PBXResourcesBuildPhase section */

/* Begin PBXSourcesBuildPhase section */
		F88216DF2B6FC38B0086EDC9 /* Sources */ = {
			isa = PBXSourcesBuildPhase;
			buildActionMask = 2147483647;
			files = (
				F878351E2BA827D7006CD5A2 /* PasswordResetView.swift in Sources */,
				F87FE0DA2BFD2F250003D704 /* LoginModel.swift in Sources */,
				F86BFB372BE8F9B800C754C2 /* SignUpView.swift in Sources */,
				F87835202BA8B4FE006CD5A2 /* RestaurantViewModel.swift in Sources */,
				F8B80D7D2BA4B65800DF7DAD /* Webservices.swift in Sources */,
				F87C9E652BF7A6F000C55372 /* MapButton.swift in Sources */,
				F87835262BA8B7A6006CD5A2 /* RestaurantView.swift in Sources */,
				F887122E2BB759D8002173C6 /* NavBarView.swift in Sources */,
				F8FB8F5F2BA1DB14007227BE /* FirstView.swift in Sources */,
				F87FE0D82BFD15640003D704 /* LoginViewModel.swift in Sources */,
				F852B1782BF8C04B00A31D33 /* StarView.swift in Sources */,
				F837A9022BADB141003C3D22 /* BlogView.swift in Sources */,
				F8B80D812BA4BB3B00DF7DAD /* LoginView.swift in Sources */,
				F88216E72B6FC38B0086EDC9 /* GidaIyilikHareketiApp.swift in Sources */,
				F852B17C2BF8DB1400A31D33 /* PersonModel.swift in Sources */,
				F86BFB3B2BF0D66100C754C2 /* StatusView.swift in Sources */,
				F850E41A2BFFDFF6008B3588 /* SignUpViewModel.swift in Sources */,
				F8C36A882BA9EAEE00DC8733 /* ProfileView.swift in Sources */,
				F861E7722B9497F700E804DA /* Text.swift in Sources */,
				F87835282BA8CDAE006CD5A2 /* myButton.swift in Sources */,
				F852B17E2BF8DB4600A31D33 /* PersonViewModel.swift in Sources */,
				F852B1762BF7EE6F00A31D33 /* EduVideoView.swift in Sources */,
				F86BFB392BF0D4ED00C754C2 /* QRView.swift in Sources */,
				F87C9E672BF7AE9200C55372 /* AdvertModel.swift in Sources */,
				F87835242BA8B6F5006CD5A2 /* SearchBarView.swift in Sources */,
				F88F88D42B8FC68400D3A8AD /* Color.swift in Sources */,
				F878352A2BA8D42D006CD5A2 /* RestaurantBox.swift in Sources */,
				F850E41C2BFFE3BF008B3588 /* SignUpModel.swift in Sources */,
				F852B17A2BF8D59500A31D33 /* StatusListCellView.swift in Sources */,
				F8B80D832BA4C60000DF7DAD /* InputFieldView.swift in Sources */,
			);
			runOnlyForDeploymentPostprocessing = 0;
		};
		F88216EF2B6FC38F0086EDC9 /* Sources */ = {
			isa = PBXSourcesBuildPhase;
			buildActionMask = 2147483647;
			files = (
				F88216F82B6FC38F0086EDC9 /* GidaIyilikHareketiTests.swift in Sources */,
			);
			runOnlyForDeploymentPostprocessing = 0;
		};
		F88216F92B6FC38F0086EDC9 /* Sources */ = {
			isa = PBXSourcesBuildPhase;
			buildActionMask = 2147483647;
			files = (
				F88217022B6FC38F0086EDC9 /* GidaIyilikHareketiUITests.swift in Sources */,
				F88217042B6FC38F0086EDC9 /* GidaIyilikHareketiUITestsLaunchTests.swift in Sources */,
			);
			runOnlyForDeploymentPostprocessing = 0;
		};
/* End PBXSourcesBuildPhase section */

/* Begin PBXTargetDependency section */
		F88216F52B6FC38F0086EDC9 /* PBXTargetDependency */ = {
			isa = PBXTargetDependency;
			target = F88216E22B6FC38B0086EDC9 /* GidaIyilikHareketi */;
			targetProxy = F88216F42B6FC38F0086EDC9 /* PBXContainerItemProxy */;
		};
		F88216FF2B6FC38F0086EDC9 /* PBXTargetDependency */ = {
			isa = PBXTargetDependency;
			target = F88216E22B6FC38B0086EDC9 /* GidaIyilikHareketi */;
			targetProxy = F88216FE2B6FC38F0086EDC9 /* PBXContainerItemProxy */;
		};
/* End PBXTargetDependency section */

/* Begin XCBuildConfiguration section */
		F88217052B6FC38F0086EDC9 /* Debug */ = {
			isa = XCBuildConfiguration;
			buildSettings = {
				ALWAYS_SEARCH_USER_PATHS = NO;
				ASSETCATALOG_COMPILER_GENERATE_SWIFT_ASSET_SYMBOL_EXTENSIONS = YES;
				CLANG_ANALYZER_NONNULL = YES;
				CLANG_ANALYZER_NUMBER_OBJECT_CONVERSION = YES_AGGRESSIVE;
				CLANG_CXX_LANGUAGE_STANDARD = "gnu++20";
				CLANG_ENABLE_MODULES = YES;
				CLANG_ENABLE_OBJC_ARC = YES;
				CLANG_ENABLE_OBJC_WEAK = YES;
				CLANG_WARN_BLOCK_CAPTURE_AUTORELEASING = YES;
				CLANG_WARN_BOOL_CONVERSION = YES;
				CLANG_WARN_COMMA = YES;
				CLANG_WARN_CONSTANT_CONVERSION = YES;
				CLANG_WARN_DEPRECATED_OBJC_IMPLEMENTATIONS = YES;
				CLANG_WARN_DIRECT_OBJC_ISA_USAGE = YES_ERROR;
				CLANG_WARN_DOCUMENTATION_COMMENTS = YES;
				CLANG_WARN_EMPTY_BODY = YES;
				CLANG_WARN_ENUM_CONVERSION = YES;
				CLANG_WARN_INFINITE_RECURSION = YES;
				CLANG_WARN_INT_CONVERSION = YES;
				CLANG_WARN_NON_LITERAL_NULL_CONVERSION = YES;
				CLANG_WARN_OBJC_IMPLICIT_RETAIN_SELF = YES;
				CLANG_WARN_OBJC_LITERAL_CONVERSION = YES;
				CLANG_WARN_OBJC_ROOT_CLASS = YES_ERROR;
				CLANG_WARN_QUOTED_INCLUDE_IN_FRAMEWORK_HEADER = YES;
				CLANG_WARN_RANGE_LOOP_ANALYSIS = YES;
				CLANG_WARN_STRICT_PROTOTYPES = YES;
				CLANG_WARN_SUSPICIOUS_MOVE = YES;
				CLANG_WARN_UNGUARDED_AVAILABILITY = YES_AGGRESSIVE;
				CLANG_WARN_UNREACHABLE_CODE = YES;
				CLANG_WARN__DUPLICATE_METHOD_MATCH = YES;
				COPY_PHASE_STRIP = NO;
				DEBUG_INFORMATION_FORMAT = dwarf;
				ENABLE_STRICT_OBJC_MSGSEND = YES;
				ENABLE_TESTABILITY = YES;
				ENABLE_USER_SCRIPT_SANDBOXING = YES;
				GCC_C_LANGUAGE_STANDARD = gnu17;
				GCC_DYNAMIC_NO_PIC = NO;
				GCC_NO_COMMON_BLOCKS = YES;
				GCC_OPTIMIZATION_LEVEL = 0;
				GCC_PREPROCESSOR_DEFINITIONS = (
					"DEBUG=1",
					"$(inherited)",
				);
				GCC_WARN_64_TO_32_BIT_CONVERSION = YES;
				GCC_WARN_ABOUT_RETURN_TYPE = YES_ERROR;
				GCC_WARN_UNDECLARED_SELECTOR = YES;
				GCC_WARN_UNINITIALIZED_AUTOS = YES_AGGRESSIVE;
				GCC_WARN_UNUSED_FUNCTION = YES;
				GCC_WARN_UNUSED_VARIABLE = YES;
				IPHONEOS_DEPLOYMENT_TARGET = 17.0;
				LOCALIZATION_PREFERS_STRING_CATALOGS = YES;
				MTL_ENABLE_DEBUG_INFO = INCLUDE_SOURCE;
				MTL_FAST_MATH = YES;
				ONLY_ACTIVE_ARCH = YES;
				SDKROOT = iphoneos;
				SWIFT_ACTIVE_COMPILATION_CONDITIONS = "DEBUG $(inherited)";
				SWIFT_OPTIMIZATION_LEVEL = "-Onone";
			};
			name = Debug;
		};
		F88217062B6FC38F0086EDC9 /* Release */ = {
			isa = XCBuildConfiguration;
			buildSettings = {
				ALWAYS_SEARCH_USER_PATHS = NO;
				ASSETCATALOG_COMPILER_GENERATE_SWIFT_ASSET_SYMBOL_EXTENSIONS = YES;
				CLANG_ANALYZER_NONNULL = YES;
				CLANG_ANALYZER_NUMBER_OBJECT_CONVERSION = YES_AGGRESSIVE;
				CLANG_CXX_LANGUAGE_STANDARD = "gnu++20";
				CLANG_ENABLE_MODULES = YES;
				CLANG_ENABLE_OBJC_ARC = YES;
				CLANG_ENABLE_OBJC_WEAK = YES;
				CLANG_WARN_BLOCK_CAPTURE_AUTORELEASING = YES;
				CLANG_WARN_BOOL_CONVERSION = YES;
				CLANG_WARN_COMMA = YES;
				CLANG_WARN_CONSTANT_CONVERSION = YES;
				CLANG_WARN_DEPRECATED_OBJC_IMPLEMENTATIONS = YES;
				CLANG_WARN_DIRECT_OBJC_ISA_USAGE = YES_ERROR;
				CLANG_WARN_DOCUMENTATION_COMMENTS = YES;
				CLANG_WARN_EMPTY_BODY = YES;
				CLANG_WARN_ENUM_CONVERSION = YES;
				CLANG_WARN_INFINITE_RECURSION = YES;
				CLANG_WARN_INT_CONVERSION = YES;
				CLANG_WARN_NON_LITERAL_NULL_CONVERSION = YES;
				CLANG_WARN_OBJC_IMPLICIT_RETAIN_SELF = YES;
				CLANG_WARN_OBJC_LITERAL_CONVERSION = YES;
				CLANG_WARN_OBJC_ROOT_CLASS = YES_ERROR;
				CLANG_WARN_QUOTED_INCLUDE_IN_FRAMEWORK_HEADER = YES;
				CLANG_WARN_RANGE_LOOP_ANALYSIS = YES;
				CLANG_WARN_STRICT_PROTOTYPES = YES;
				CLANG_WARN_SUSPICIOUS_MOVE = YES;
				CLANG_WARN_UNGUARDED_AVAILABILITY = YES_AGGRESSIVE;
				CLANG_WARN_UNREACHABLE_CODE = YES;
				CLANG_WARN__DUPLICATE_METHOD_MATCH = YES;
				COPY_PHASE_STRIP = NO;
				DEBUG_INFORMATION_FORMAT = "dwarf-with-dsym";
				ENABLE_NS_ASSERTIONS = NO;
				ENABLE_STRICT_OBJC_MSGSEND = YES;
				ENABLE_USER_SCRIPT_SANDBOXING = YES;
				GCC_C_LANGUAGE_STANDARD = gnu17;
				GCC_NO_COMMON_BLOCKS = YES;
				GCC_WARN_64_TO_32_BIT_CONVERSION = YES;
				GCC_WARN_ABOUT_RETURN_TYPE = YES_ERROR;
				GCC_WARN_UNDECLARED_SELECTOR = YES;
				GCC_WARN_UNINITIALIZED_AUTOS = YES_AGGRESSIVE;
				GCC_WARN_UNUSED_FUNCTION = YES;
				GCC_WARN_UNUSED_VARIABLE = YES;
				IPHONEOS_DEPLOYMENT_TARGET = 17.0;
				LOCALIZATION_PREFERS_STRING_CATALOGS = YES;
				MTL_ENABLE_DEBUG_INFO = NO;
				MTL_FAST_MATH = YES;
				SDKROOT = iphoneos;
				SWIFT_COMPILATION_MODE = wholemodule;
				VALIDATE_PRODUCT = YES;
			};
			name = Release;
		};
		F88217082B6FC38F0086EDC9 /* Debug */ = {
			isa = XCBuildConfiguration;
			buildSettings = {
				ASSETCATALOG_COMPILER_APPICON_NAME = AppIcon;
				ASSETCATALOG_COMPILER_GLOBAL_ACCENT_COLOR_NAME = AccentColor;
				CODE_SIGN_STYLE = Automatic;
				CURRENT_PROJECT_VERSION = 1;
				DEVELOPMENT_ASSET_PATHS = "\"GidaIyilikHareketi/Preview Content\"";
				ENABLE_PREVIEWS = YES;
				GENERATE_INFOPLIST_FILE = YES;
				INFOPLIST_FILE = GidaIyilikHareketi/Info.plist;
				INFOPLIST_KEY_UIApplicationSceneManifest_Generation = YES;
				INFOPLIST_KEY_UIApplicationSupportsIndirectInputEvents = YES;
				INFOPLIST_KEY_UILaunchStoryboardName = "Launch Screen.storyboard";
				INFOPLIST_KEY_UISupportedInterfaceOrientations = UIInterfaceOrientationPortrait;
				LD_RUNPATH_SEARCH_PATHS = (
					"$(inherited)",
					"@executable_path/Frameworks",
				);
				MARKETING_VERSION = 1.0;
				PRODUCT_BUNDLE_IDENTIFIER = com.BeyzaOlgunsoy.GidaIyilikHareketi;
				PRODUCT_NAME = "$(TARGET_NAME)";
				SWIFT_EMIT_LOC_STRINGS = YES;
				SWIFT_VERSION = 5.0;
				TARGETED_DEVICE_FAMILY = "1,2";
			};
			name = Debug;
		};
		F88217092B6FC38F0086EDC9 /* Release */ = {
			isa = XCBuildConfiguration;
			buildSettings = {
				ASSETCATALOG_COMPILER_APPICON_NAME = AppIcon;
				ASSETCATALOG_COMPILER_GLOBAL_ACCENT_COLOR_NAME = AccentColor;
				CODE_SIGN_STYLE = Automatic;
				CURRENT_PROJECT_VERSION = 1;
				DEVELOPMENT_ASSET_PATHS = "\"GidaIyilikHareketi/Preview Content\"";
				ENABLE_PREVIEWS = YES;
				GENERATE_INFOPLIST_FILE = YES;
				INFOPLIST_FILE = GidaIyilikHareketi/Info.plist;
				INFOPLIST_KEY_UIApplicationSceneManifest_Generation = YES;
				INFOPLIST_KEY_UIApplicationSupportsIndirectInputEvents = YES;
				INFOPLIST_KEY_UILaunchStoryboardName = "Launch Screen.storyboard";
				INFOPLIST_KEY_UISupportedInterfaceOrientations = UIInterfaceOrientationPortrait;
				LD_RUNPATH_SEARCH_PATHS = (
					"$(inherited)",
					"@executable_path/Frameworks",
				);
				MARKETING_VERSION = 1.0;
				PRODUCT_BUNDLE_IDENTIFIER = com.BeyzaOlgunsoy.GidaIyilikHareketi;
				PRODUCT_NAME = "$(TARGET_NAME)";
				SWIFT_EMIT_LOC_STRINGS = YES;
				SWIFT_VERSION = 5.0;
				TARGETED_DEVICE_FAMILY = "1,2";
			};
			name = Release;
		};
		F882170B2B6FC38F0086EDC9 /* Debug */ = {
			isa = XCBuildConfiguration;
			buildSettings = {
				ALWAYS_EMBED_SWIFT_STANDARD_LIBRARIES = YES;
				BUNDLE_LOADER = "$(TEST_HOST)";
				CODE_SIGN_STYLE = Automatic;
				CURRENT_PROJECT_VERSION = 1;
				GENERATE_INFOPLIST_FILE = YES;
				IPHONEOS_DEPLOYMENT_TARGET = 17.0;
				MARKETING_VERSION = 1.0;
				PRODUCT_BUNDLE_IDENTIFIER = com.BeyzaOlgunsoy.GidaIyilikHareketiTests;
				PRODUCT_NAME = "$(TARGET_NAME)";
				SWIFT_EMIT_LOC_STRINGS = NO;
				SWIFT_VERSION = 5.0;
				TARGETED_DEVICE_FAMILY = "1,2";
				TEST_HOST = "$(BUILT_PRODUCTS_DIR)/GidaIyilikHareketi.app/$(BUNDLE_EXECUTABLE_FOLDER_PATH)/GidaIyilikHareketi";
			};
			name = Debug;
		};
		F882170C2B6FC38F0086EDC9 /* Release */ = {
			isa = XCBuildConfiguration;
			buildSettings = {
				ALWAYS_EMBED_SWIFT_STANDARD_LIBRARIES = YES;
				BUNDLE_LOADER = "$(TEST_HOST)";
				CODE_SIGN_STYLE = Automatic;
				CURRENT_PROJECT_VERSION = 1;
				GENERATE_INFOPLIST_FILE = YES;
				IPHONEOS_DEPLOYMENT_TARGET = 17.0;
				MARKETING_VERSION = 1.0;
				PRODUCT_BUNDLE_IDENTIFIER = com.BeyzaOlgunsoy.GidaIyilikHareketiTests;
				PRODUCT_NAME = "$(TARGET_NAME)";
				SWIFT_EMIT_LOC_STRINGS = NO;
				SWIFT_VERSION = 5.0;
				TARGETED_DEVICE_FAMILY = "1,2";
				TEST_HOST = "$(BUILT_PRODUCTS_DIR)/GidaIyilikHareketi.app/$(BUNDLE_EXECUTABLE_FOLDER_PATH)/GidaIyilikHareketi";
			};
			name = Release;
		};
		F882170E2B6FC38F0086EDC9 /* Debug */ = {
			isa = XCBuildConfiguration;
			buildSettings = {
				ALWAYS_EMBED_SWIFT_STANDARD_LIBRARIES = YES;
				CODE_SIGN_STYLE = Automatic;
				CURRENT_PROJECT_VERSION = 1;
				GENERATE_INFOPLIST_FILE = YES;
				MARKETING_VERSION = 1.0;
				PRODUCT_BUNDLE_IDENTIFIER = com.BeyzaOlgunsoy.GidaIyilikHareketiUITests;
				PRODUCT_NAME = "$(TARGET_NAME)";
				SWIFT_EMIT_LOC_STRINGS = NO;
				SWIFT_VERSION = 5.0;
				TARGETED_DEVICE_FAMILY = "1,2";
				TEST_TARGET_NAME = GidaIyilikHareketi;
			};
			name = Debug;
		};
		F882170F2B6FC38F0086EDC9 /* Release */ = {
			isa = XCBuildConfiguration;
			buildSettings = {
				ALWAYS_EMBED_SWIFT_STANDARD_LIBRARIES = YES;
				CODE_SIGN_STYLE = Automatic;
				CURRENT_PROJECT_VERSION = 1;
				GENERATE_INFOPLIST_FILE = YES;
				MARKETING_VERSION = 1.0;
				PRODUCT_BUNDLE_IDENTIFIER = com.BeyzaOlgunsoy.GidaIyilikHareketiUITests;
				PRODUCT_NAME = "$(TARGET_NAME)";
				SWIFT_EMIT_LOC_STRINGS = NO;
				SWIFT_VERSION = 5.0;
				TARGETED_DEVICE_FAMILY = "1,2";
				TEST_TARGET_NAME = GidaIyilikHareketi;
			};
			name = Release;
		};
/* End XCBuildConfiguration section */

/* Begin XCConfigurationList section */
		F88216DE2B6FC38B0086EDC9 /* Build configuration list for PBXProject "GidaIyilikHareketi" */ = {
			isa = XCConfigurationList;
			buildConfigurations = (
				F88217052B6FC38F0086EDC9 /* Debug */,
				F88217062B6FC38F0086EDC9 /* Release */,
			);
			defaultConfigurationIsVisible = 0;
			defaultConfigurationName = Release;
		};
		F88217072B6FC38F0086EDC9 /* Build configuration list for PBXNativeTarget "GidaIyilikHareketi" */ = {
			isa = XCConfigurationList;
			buildConfigurations = (
				F88217082B6FC38F0086EDC9 /* Debug */,
				F88217092B6FC38F0086EDC9 /* Release */,
			);
			defaultConfigurationIsVisible = 0;
			defaultConfigurationName = Release;
		};
		F882170A2B6FC38F0086EDC9 /* Build configuration list for PBXNativeTarget "GidaIyilikHareketiTests" */ = {
			isa = XCConfigurationList;
			buildConfigurations = (
				F882170B2B6FC38F0086EDC9 /* Debug */,
				F882170C2B6FC38F0086EDC9 /* Release */,
			);
			defaultConfigurationIsVisible = 0;
			defaultConfigurationName = Release;
		};
		F882170D2B6FC38F0086EDC9 /* Build configuration list for PBXNativeTarget "GidaIyilikHareketiUITests" */ = {
			isa = XCConfigurationList;
			buildConfigurations = (
				F882170E2B6FC38F0086EDC9 /* Debug */,
				F882170F2B6FC38F0086EDC9 /* Release */,
			);
			defaultConfigurationIsVisible = 0;
			defaultConfigurationName = Release;
		};
/* End XCConfigurationList section */

/* Begin XCRemoteSwiftPackageReference section */
		F852B1822BFA7AA300A31D33 /* XCRemoteSwiftPackageReference "keychain-swift" */ = {
			isa = XCRemoteSwiftPackageReference;
			repositoryURL = "https://github.com/evgenyneu/keychain-swift.git";
			requirement = {
				kind = upToNextMajorVersion;
				minimumVersion = 24.0.0;
			};
		};
/* End XCRemoteSwiftPackageReference section */

/* Begin XCSwiftPackageProductDependency section */
		F852B1832BFA7AA300A31D33 /* KeychainSwift */ = {
			isa = XCSwiftPackageProductDependency;
			package = F852B1822BFA7AA300A31D33 /* XCRemoteSwiftPackageReference "keychain-swift" */;
			productName = KeychainSwift;
		};
/* End XCSwiftPackageProductDependency section */
	};
	rootObject = F88216DB2B6FC38B0086EDC9 /* Project object */;
}
